
Microsoft Visual Studio Solution File, Format Version 12.00
# Visual Studio Version 17
VisualStudioVersion = 17.5.33424.131
MinimumVisualStudioVersion = 10.0.40219.1
Project("{9A19103F-16F7-4668-BE54-9A1E7A4F7556}") = "01.ApocalypsePreparation", "01.ApocalypsePreparation\01.ApocalypsePreparation.csproj", "{C267E023-AD64-4FD6-8BA6-B8D9531300A4}"
EndProject
Project("{9A19103F-16F7-4668-BE54-9A1E7A4F7556}") = "02.BlindMan'sBuff", "02.BlindMan'sBuff\02.BlindMan'sBuff.csproj", "{ACFBCA0C-5277-4F20-9A80-D20D9654EC20}"
EndProject
Project("{9A19103F-16F7-4668-BE54-9A1E7A4F7556}") = "03.SoftUniKindergarten", "03.SoftUniKindergarten\03.SoftUniKindergarten.csproj", "{089098EF-1473-4A62-91AE-0075FFFB0AE5}"
EndProject
Project("{9A19103F-16F7-4668-BE54-9A1E7A4F7556}") = "04.EnergyDrinks", "04.EnergyDrinks\04.EnergyDrinks.csproj", "{4C6E56C6-FB00-4D01-8503-7AFE2B4ED719}"
EndProject
Project("{9A19103F-16F7-4668-BE54-9A1E7A4F7556}") = "05.RallyRacing", "05.RallyRacing\05.RallyRacing.csproj", "{6D0CD5D5-56A0-41C3-A5D5-6BCE3DF1C0B6}"
EndProject
Project("{9A19103F-16F7-4668-BE54-9A1E7A4F7556}") = "06.ComputerArchitecture", "06.ComputerArchitecture\06.ComputerArchitecture.csproj", "{94738C24-E646-47D0-8201-576C7064C622}"
EndProject
Project("{9A19103F-16F7-4668-BE54-9A1E7A4F7556}") = "07.BaristaContest", "07.BaristaContest\07.BaristaContest.csproj", "{21AC6914-952E-474E-953B-17E0332DC8BA}"
EndProject
Project("{9A19103F-16F7-4668-BE54-9A1E7A4F7556}") = "08.Help-A-Mole", "08.Help-A-Mole\08.Help-A-Mole.csproj", "{00622895-EA59-46AF-9A4F-BE2C224083DC}"
EndProject
Project("{9A19103F-16F7-4668-BE54-9A1E7A4F7556}") = "09. Basketball", "09. Basketball\09. Basketball.csproj", "{EC5EBCF9-1EC8-41C0-AF4A-9688B87850A5}"
EndProject
Project("{9A19103F-16F7-4668-BE54-9A1E7A4F7556}") = "10. Tiles Master", "10. Tiles Master\10. Tiles Master.csproj", "{102F6AFB-FD43-4888-8BF1-BF7D2396B699}"
EndProject
Project("{9A19103F-16F7-4668-BE54-9A1E7A4F7556}") = "11. Wall Destroyer", "11. Wall Destroyer\11. Wall Destroyer.csproj", "{80D050DC-08B3-4A40-9C08-4F534893937D}"
EndProject
Project("{9A19103F-16F7-4668-BE54-9A1E7A4F7556}") = "13. Meal Plan", "13. Meal Plan\13. Meal Plan.csproj", "{77DA1986-BEB8-4D4F-A6D0-1C71010D83C2}"
EndProject
Project("{9A19103F-16F7-4668-BE54-9A1E7A4F7556}") = "14. Truffle Hunter", "14. Truffle Hunter\14. Truffle Hunter.csproj", "{96AFB4C7-70F4-4038-943B-9176086CDCEF}"
EndProject
Project("{9A19103F-16F7-4668-BE54-9A1E7A4F7556}") = "16. Bakery Shop", "16. Bakery Shop\16. Bakery Shop.csproj", "{AC932D69-061E-49F7-96C0-B8EF4BAFA716}"
EndProject
Project("{9A19103F-16F7-4668-BE54-9A1E7A4F7556}") = "17. Beaver at Work", "17. Beaver at Work\17. Beaver at Work.csproj", "{BFDF49F2-396D-4BF7-94A0-EE99DA30A826}"
EndProject
Project("{9A19103F-16F7-4668-BE54-9A1E7A4F7556}") = "19. Blacksmith", "19. Blacksmith\19. Blacksmith.csproj", "{765A91AC-A44A-48F8-A98C-A9C50DA6843A}"
EndProject
Project("{9A19103F-16F7-4668-BE54-9A1E7A4F7556}") = "22. Food Finder", "22. Food Finder\22. Food Finder.csproj", "{5DE0C053-8C0E-4C2C-BC7D-7C98D64AAB6E}"
EndProject
Project("{9A19103F-16F7-4668-BE54-9A1E7A4F7556}") = "23. Pawn Wars", "23. Pawn Wars\23. Pawn Wars.csproj", "{12797C88-FC03-498C-AF66-9EC1B6EDB3A4}"
EndProject
Project("{9A19103F-16F7-4668-BE54-9A1E7A4F7556}") = "25. Birthday Celebration", "25. Birthday Celebration\25. Birthday Celebration.csproj", "{1A441C6B-4097-4AD1-923A-706A3667FA17}"
EndProject
Project("{9A19103F-16F7-4668-BE54-9A1E7A4F7556}") = "26. The Battle of The Five Armies", "26. The Battle of The Five Armies\26. The Battle of The Five Armies.csproj", "{AD5A95A7-DE39-4B7D-A4C5-2BDF8D9E9447}"
EndProject
Project("{9A19103F-16F7-4668-BE54-9A1E7A4F7556}") = "28.Masterchef", "28.Masterchef\28.Masterchef.csproj", "{354430B0-6F55-4934-B7D0-9C9873AB8A03}"
EndProject
Project("{9A19103F-16F7-4668-BE54-9A1E7A4F7556}") = "29.Survivor", "29.Survivor\29.Survivor.csproj", "{18DD563C-E2D7-4F27-AB77-E9F851246AA1}"
EndProject
Project("{9A19103F-16F7-4668-BE54-9A1E7A4F7556}") = "31. Lootbox", "31. Lootbox\31. Lootbox.csproj", "{7830F5E1-291C-4B46-9A80-ED52E0E0C4E6}"
EndProject
Project("{9A19103F-16F7-4668-BE54-9A1E7A4F7556}") = "34.Warm Winter", "34.Warm Winter\34.Warm Winter.csproj", "{C1A1E6F2-0579-4820-889C-01F145594B94}"
EndProject
Project("{9A19103F-16F7-4668-BE54-9A1E7A4F7556}") = "35.Super Mario", "35.Super Mario\35.Super Mario.csproj", "{B3E83DCB-B513-4C0B-A362-107039FE6F62}"
EndProject
Project("{9A19103F-16F7-4668-BE54-9A1E7A4F7556}") = "37. The Fight for Gondor", "37. The Fight for Gondor\37. The Fight for Gondor.csproj", "{F96C957A-70D5-46E0-A18B-BDE09714EA2A}"
EndProject
Project("{9A19103F-16F7-4668-BE54-9A1E7A4F7556}") = "38. Warships", "38. Warships\38. Warships.csproj", "{5604856F-800D-4512-B5F4-191C28357094}"
EndProject
Project("{9A19103F-16F7-4668-BE54-9A1E7A4F7556}") = "40. Cooking", "40. Cooking\40. Cooking.csproj", "{FC1EC64C-ADC4-4FDA-9D4C-8F3A34AA2AE9}"
EndProject
Project("{9A19103F-16F7-4668-BE54-9A1E7A4F7556}") = "41. Selling", "41. Selling\41. Selling.csproj", "{C0774F9D-A0CF-4B7A-813D-CBA7AD8A9113}"
EndProject
Project("{9A19103F-16F7-4668-BE54-9A1E7A4F7556}") = "43. Scheduling", "41. Scheduling\43. Scheduling.csproj", "{C5F68C3B-5D01-4726-B3B4-C1C5DDA0959E}"
EndProject
Project("{9A19103F-16F7-4668-BE54-9A1E7A4F7556}") = "44. Garden", "44. Garden\44. Garden.csproj", "{B9C9A0AC-5C3C-4C50-8BCC-04C471741C27}"
EndProject
Project("{9A19103F-16F7-4668-BE54-9A1E7A4F7556}") = "46. Bombs", "46. Bombs\46. Bombs.csproj", "{E889A3DE-4D6D-4C15-B336-C2A760E7673A}"
EndProject
Project("{9A19103F-16F7-4668-BE54-9A1E7A4F7556}") = "47. Snake", "47. Snake\47. Snake.csproj", "{C5FB50F8-3ACC-4394-ACEE-4FB5B077D8B2}"
EndProject
Project("{9A19103F-16F7-4668-BE54-9A1E7A4F7556}") = "49. Flower Wreaths", "49. Flower Wreaths\49. Flower Wreaths.csproj", "{0B0B3BB6-9875-4AD9-A013-89522A6321AE}"
EndProject
Project("{9A19103F-16F7-4668-BE54-9A1E7A4F7556}") = "50. Bee", "50. Bee\50. Bee.csproj", "{0FA649EF-FD2D-4E68-B6F5-3FB10E7891F5}"
EndProject
Project("{9A19103F-16F7-4668-BE54-9A1E7A4F7556}") = "12.Renovators", "12.Renovators\12.Renovators.csproj", "{1FA1076D-E52B-4909-8213-43CF74C56329}"
EndProject
Project("{9A19103F-16F7-4668-BE54-9A1E7A4F7556}") = "15.Zoo", "15.Zoo\15.Zoo.csproj", "{CA292BDE-BEBD-44DC-9A63-56D8D4DF3DE0}"
EndProject
Project("{9A19103F-16F7-4668-BE54-9A1E7A4F7556}") = "18.FishingNet", "18.FishingNet\18.FishingNet.csproj", "{8C7AB4F8-A924-4EC0-818F-9BD201BD7299}"
EndProject
Project("{9A19103F-16F7-4668-BE54-9A1E7A4F7556}") = "24.Stock Market", "24.Stock Market\24.Stock Market.csproj", "{DECC9776-A0C9-4F0F-8362-B9BE6FC89B44}"
EndProject
Project("{9A19103F-16F7-4668-BE54-9A1E7A4F7556}") = "27.Street Racing", "27.Street Racing\27.Street Racing.csproj", "{A01D8C7D-323C-46E0-9A01-D8FEEAC9A6AF}"
EndProject
Project("{9A19103F-16F7-4668-BE54-9A1E7A4F7556}") = "30.Ski Rental", "30.Ski Rental\30.Ski Rental.csproj", "{3E82F502-A083-417C-B089-F1332D173CFD}"
EndProject
Project("{9A19103F-16F7-4668-BE54-9A1E7A4F7556}") = "33.Guild", "33.Guild\33.Guild.csproj", "{A3446BA6-52EC-4E08-B576-8C0BCECC9B4F}"
EndProject
Project("{9A19103F-16F7-4668-BE54-9A1E7A4F7556}") = "36.Cocktail Party", "36.Cocktail Party\36.Cocktail Party.csproj", "{E7C7863F-88D6-4FB8-A451-B83A51B665A6}"
EndProject
Project("{9A19103F-16F7-4668-BE54-9A1E7A4F7556}") = "39.The Race", "39.The Race\39.The Race.csproj", "{FE177B16-969F-4980-AEB5-AE62C1535647}"
EndProject
Project("{9A19103F-16F7-4668-BE54-9A1E7A4F7556}") = "45.ClassroomProject", "45.Classroom\45.ClassroomProject.csproj", "{8A36570A-E495-42AF-B983-9C2704F0EB99}"
EndProject
Project("{9A19103F-16F7-4668-BE54-9A1E7A4F7556}") = "42.BakeryOppenning", "42.BakeryOpenning\42.BakeryOppenning.csproj", "{CF740E41-7A71-480A-8EC5-0CC7DA52A95B}"
EndProject
Project("{9A19103F-16F7-4668-BE54-9A1E7A4F7556}") = "48.Parking", "48.Parking\48.Parking.csproj", "{8726534B-24FC-41CC-A25C-24BDA5889AE7}"
EndProject
Project("{9A19103F-16F7-4668-BE54-9A1E7A4F7556}") = "51.VetClinic", "51.VetClinic\51.VetClinic.csproj", "{F11C9675-824B-4099-BAA1-8466ED621234}"
EndProject
Project("{9A19103F-16F7-4668-BE54-9A1E7A4F7556}") = "21.Drones", "21.Drones\21.Drones.csproj", "{641A15F7-C5CD-4B12-B2D6-7AAC65DE4DAD}"
EndProject
Project("{9A19103F-16F7-4668-BE54-9A1E7A4F7556}") = "47.Snake 2 no methods", "47.Snake 2 no methods\47.Snake 2 no methods.csproj", "{7E49D948-B439-4A6F-8B91-2B5CCDA565D2}"
EndProject
Project("{9A19103F-16F7-4668-BE54-9A1E7A4F7556}") = "Del", "Del\Del.csproj", "{83D47164-41E7-4AE0-9A03-02C66B782637}"
EndProject
Project("{9A19103F-16F7-4668-BE54-9A1E7A4F7556}") = "20.Armory_Jagged", "20.Armory_Jagged\20.Armory_Jagged.csproj", "{08027364-182E-4C08-9606-58E5FE3A6CDC}"
EndProject
Project("{9A19103F-16F7-4668-BE54-9A1E7A4F7556}") = "20.Armory_Matrix", "20.Armory_Matrix\20.Armory_Matrix.csproj", "{EA0121C9-E042-44B0-92E0-00758169C544}"
EndProject
Project("{9A19103F-16F7-4668-BE54-9A1E7A4F7556}") = "47.Snake_Matrix", "47.Snake_Matrix\47.Snake_Matrix.csproj", "{3B55261F-E555-468F-89F3-3A5C78AE7E94}"
EndProject
Project("{9A19103F-16F7-4668-BE54-9A1E7A4F7556}") = "32.Re-Volt", "32.Re-Volt\32.Re-Volt.csproj", "{846F409D-EC1B-4AAB-BD48-D75AA7F7FC29}"
EndProject
Project("{9A19103F-16F7-4668-BE54-9A1E7A4F7556}") = "38. Warships without methods", "38. Warships without methods\38. Warships without methods.csproj", "{2B9D82D7-418A-4F07-A100-D65981808898}"
EndProject
Project("{9A19103F-16F7-4668-BE54-9A1E7A4F7556}") = "38.Warships", "38.Warships\38.Warships.csproj", "{D85B2B19-3F49-4A83-80A5-FE39C99EF6A5}"
EndProject
Project("{9A19103F-16F7-4668-BE54-9A1E7A4F7556}") = "TestVetClinic", "TestVetClinic\TestVetClinic.csproj", "{A0D596D8-DD56-4442-87B7-577A7298E32E}"
EndProject
Project("{FAE04EC0-301F-11D3-BF4B-00C04F79EFBC}") = "TestComputerArchitecture", "TestComputerArchitecture\TestComputerArchitecture.csproj", "{550CE514-D370-4564-BB84-CEA910FCED28}"
EndProject
Project("{FAE04EC0-301F-11D3-BF4B-00C04F79EFBC}") = "TestRenovators", "TestRenovators\TestRenovators.csproj", "{E67B91BA-0CA5-4DE4-B068-632B0D34D4A1}"
EndProject
Project("{FAE04EC0-301F-11D3-BF4B-00C04F79EFBC}") = "TestParking", "TestParking\TestParking.csproj", "{B5F313BD-B89F-4F5C-9BB6-412188093019}"
EndProject
Global
	GlobalSection(SolutionConfigurationPlatforms) = preSolution
		Debug|Any CPU = Debug|Any CPU
		Release|Any CPU = Release|Any CPU
	EndGlobalSection
	GlobalSection(ProjectConfigurationPlatforms) = postSolution
		{C267E023-AD64-4FD6-8BA6-B8D9531300A4}.Debug|Any CPU.ActiveCfg = Debug|Any CPU
		{C267E023-AD64-4FD6-8BA6-B8D9531300A4}.Debug|Any CPU.Build.0 = Debug|Any CPU
		{C267E023-AD64-4FD6-8BA6-B8D9531300A4}.Release|Any CPU.ActiveCfg = Release|Any CPU
		{C267E023-AD64-4FD6-8BA6-B8D9531300A4}.Release|Any CPU.Build.0 = Release|Any CPU
		{ACFBCA0C-5277-4F20-9A80-D20D9654EC20}.Debug|Any CPU.ActiveCfg = Debug|Any CPU
		{ACFBCA0C-5277-4F20-9A80-D20D9654EC20}.Debug|Any CPU.Build.0 = Debug|Any CPU
		{ACFBCA0C-5277-4F20-9A80-D20D9654EC20}.Release|Any CPU.ActiveCfg = Release|Any CPU
		{ACFBCA0C-5277-4F20-9A80-D20D9654EC20}.Release|Any CPU.Build.0 = Release|Any CPU
		{089098EF-1473-4A62-91AE-0075FFFB0AE5}.Debug|Any CPU.ActiveCfg = Debug|Any CPU
		{089098EF-1473-4A62-91AE-0075FFFB0AE5}.Debug|Any CPU.Build.0 = Debug|Any CPU
		{089098EF-1473-4A62-91AE-0075FFFB0AE5}.Release|Any CPU.ActiveCfg = Release|Any CPU
		{089098EF-1473-4A62-91AE-0075FFFB0AE5}.Release|Any CPU.Build.0 = Release|Any CPU
		{4C6E56C6-FB00-4D01-8503-7AFE2B4ED719}.Debug|Any CPU.ActiveCfg = Debug|Any CPU
		{4C6E56C6-FB00-4D01-8503-7AFE2B4ED719}.Debug|Any CPU.Build.0 = Debug|Any CPU
		{4C6E56C6-FB00-4D01-8503-7AFE2B4ED719}.Release|Any CPU.ActiveCfg = Release|Any CPU
		{4C6E56C6-FB00-4D01-8503-7AFE2B4ED719}.Release|Any CPU.Build.0 = Release|Any CPU
		{6D0CD5D5-56A0-41C3-A5D5-6BCE3DF1C0B6}.Debug|Any CPU.ActiveCfg = Debug|Any CPU
		{6D0CD5D5-56A0-41C3-A5D5-6BCE3DF1C0B6}.Debug|Any CPU.Build.0 = Debug|Any CPU
		{6D0CD5D5-56A0-41C3-A5D5-6BCE3DF1C0B6}.Release|Any CPU.ActiveCfg = Release|Any CPU
		{6D0CD5D5-56A0-41C3-A5D5-6BCE3DF1C0B6}.Release|Any CPU.Build.0 = Release|Any CPU
		{94738C24-E646-47D0-8201-576C7064C622}.Debug|Any CPU.ActiveCfg = Debug|Any CPU
		{94738C24-E646-47D0-8201-576C7064C622}.Debug|Any CPU.Build.0 = Debug|Any CPU
		{94738C24-E646-47D0-8201-576C7064C622}.Release|Any CPU.ActiveCfg = Release|Any CPU
		{94738C24-E646-47D0-8201-576C7064C622}.Release|Any CPU.Build.0 = Release|Any CPU
		{21AC6914-952E-474E-953B-17E0332DC8BA}.Debug|Any CPU.ActiveCfg = Debug|Any CPU
		{21AC6914-952E-474E-953B-17E0332DC8BA}.Debug|Any CPU.Build.0 = Debug|Any CPU
		{21AC6914-952E-474E-953B-17E0332DC8BA}.Release|Any CPU.ActiveCfg = Release|Any CPU
		{21AC6914-952E-474E-953B-17E0332DC8BA}.Release|Any CPU.Build.0 = Release|Any CPU
		{00622895-EA59-46AF-9A4F-BE2C224083DC}.Debug|Any CPU.ActiveCfg = Debug|Any CPU
		{00622895-EA59-46AF-9A4F-BE2C224083DC}.Debug|Any CPU.Build.0 = Debug|Any CPU
		{00622895-EA59-46AF-9A4F-BE2C224083DC}.Release|Any CPU.ActiveCfg = Release|Any CPU
		{00622895-EA59-46AF-9A4F-BE2C224083DC}.Release|Any CPU.Build.0 = Release|Any CPU
		{EC5EBCF9-1EC8-41C0-AF4A-9688B87850A5}.Debug|Any CPU.ActiveCfg = Debug|Any CPU
		{EC5EBCF9-1EC8-41C0-AF4A-9688B87850A5}.Debug|Any CPU.Build.0 = Debug|Any CPU
		{EC5EBCF9-1EC8-41C0-AF4A-9688B87850A5}.Release|Any CPU.ActiveCfg = Release|Any CPU
		{EC5EBCF9-1EC8-41C0-AF4A-9688B87850A5}.Release|Any CPU.Build.0 = Release|Any CPU
		{102F6AFB-FD43-4888-8BF1-BF7D2396B699}.Debug|Any CPU.ActiveCfg = Debug|Any CPU
		{102F6AFB-FD43-4888-8BF1-BF7D2396B699}.Debug|Any CPU.Build.0 = Debug|Any CPU
		{102F6AFB-FD43-4888-8BF1-BF7D2396B699}.Release|Any CPU.ActiveCfg = Release|Any CPU
		{102F6AFB-FD43-4888-8BF1-BF7D2396B699}.Release|Any CPU.Build.0 = Release|Any CPU
		{80D050DC-08B3-4A40-9C08-4F534893937D}.Debug|Any CPU.ActiveCfg = Debug|Any CPU
		{80D050DC-08B3-4A40-9C08-4F534893937D}.Debug|Any CPU.Build.0 = Debug|Any CPU
		{80D050DC-08B3-4A40-9C08-4F534893937D}.Release|Any CPU.ActiveCfg = Release|Any CPU
		{80D050DC-08B3-4A40-9C08-4F534893937D}.Release|Any CPU.Build.0 = Release|Any CPU
		{77DA1986-BEB8-4D4F-A6D0-1C71010D83C2}.Debug|Any CPU.ActiveCfg = Debug|Any CPU
		{77DA1986-BEB8-4D4F-A6D0-1C71010D83C2}.Debug|Any CPU.Build.0 = Debug|Any CPU
		{77DA1986-BEB8-4D4F-A6D0-1C71010D83C2}.Release|Any CPU.ActiveCfg = Release|Any CPU
		{77DA1986-BEB8-4D4F-A6D0-1C71010D83C2}.Release|Any CPU.Build.0 = Release|Any CPU
		{96AFB4C7-70F4-4038-943B-9176086CDCEF}.Debug|Any CPU.ActiveCfg = Debug|Any CPU
		{96AFB4C7-70F4-4038-943B-9176086CDCEF}.Debug|Any CPU.Build.0 = Debug|Any CPU
		{96AFB4C7-70F4-4038-943B-9176086CDCEF}.Release|Any CPU.ActiveCfg = Release|Any CPU
		{96AFB4C7-70F4-4038-943B-9176086CDCEF}.Release|Any CPU.Build.0 = Release|Any CPU
		{AC932D69-061E-49F7-96C0-B8EF4BAFA716}.Debug|Any CPU.ActiveCfg = Debug|Any CPU
		{AC932D69-061E-49F7-96C0-B8EF4BAFA716}.Debug|Any CPU.Build.0 = Debug|Any CPU
		{AC932D69-061E-49F7-96C0-B8EF4BAFA716}.Release|Any CPU.ActiveCfg = Release|Any CPU
		{AC932D69-061E-49F7-96C0-B8EF4BAFA716}.Release|Any CPU.Build.0 = Release|Any CPU
		{BFDF49F2-396D-4BF7-94A0-EE99DA30A826}.Debug|Any CPU.ActiveCfg = Debug|Any CPU
		{BFDF49F2-396D-4BF7-94A0-EE99DA30A826}.Debug|Any CPU.Build.0 = Debug|Any CPU
		{BFDF49F2-396D-4BF7-94A0-EE99DA30A826}.Release|Any CPU.ActiveCfg = Release|Any CPU
		{BFDF49F2-396D-4BF7-94A0-EE99DA30A826}.Release|Any CPU.Build.0 = Release|Any CPU
		{765A91AC-A44A-48F8-A98C-A9C50DA6843A}.Debug|Any CPU.ActiveCfg = Debug|Any CPU
		{765A91AC-A44A-48F8-A98C-A9C50DA6843A}.Debug|Any CPU.Build.0 = Debug|Any CPU
		{765A91AC-A44A-48F8-A98C-A9C50DA6843A}.Release|Any CPU.ActiveCfg = Release|Any CPU
		{765A91AC-A44A-48F8-A98C-A9C50DA6843A}.Release|Any CPU.Build.0 = Release|Any CPU
		{5DE0C053-8C0E-4C2C-BC7D-7C98D64AAB6E}.Debug|Any CPU.ActiveCfg = Debug|Any CPU
		{5DE0C053-8C0E-4C2C-BC7D-7C98D64AAB6E}.Debug|Any CPU.Build.0 = Debug|Any CPU
		{5DE0C053-8C0E-4C2C-BC7D-7C98D64AAB6E}.Release|Any CPU.ActiveCfg = Release|Any CPU
		{5DE0C053-8C0E-4C2C-BC7D-7C98D64AAB6E}.Release|Any CPU.Build.0 = Release|Any CPU
		{12797C88-FC03-498C-AF66-9EC1B6EDB3A4}.Debug|Any CPU.ActiveCfg = Debug|Any CPU
		{12797C88-FC03-498C-AF66-9EC1B6EDB3A4}.Debug|Any CPU.Build.0 = Debug|Any CPU
		{12797C88-FC03-498C-AF66-9EC1B6EDB3A4}.Release|Any CPU.ActiveCfg = Release|Any CPU
		{12797C88-FC03-498C-AF66-9EC1B6EDB3A4}.Release|Any CPU.Build.0 = Release|Any CPU
		{1A441C6B-4097-4AD1-923A-706A3667FA17}.Debug|Any CPU.ActiveCfg = Debug|Any CPU
		{1A441C6B-4097-4AD1-923A-706A3667FA17}.Debug|Any CPU.Build.0 = Debug|Any CPU
		{1A441C6B-4097-4AD1-923A-706A3667FA17}.Release|Any CPU.ActiveCfg = Release|Any CPU
		{1A441C6B-4097-4AD1-923A-706A3667FA17}.Release|Any CPU.Build.0 = Release|Any CPU
		{AD5A95A7-DE39-4B7D-A4C5-2BDF8D9E9447}.Debug|Any CPU.ActiveCfg = Debug|Any CPU
		{AD5A95A7-DE39-4B7D-A4C5-2BDF8D9E9447}.Debug|Any CPU.Build.0 = Debug|Any CPU
		{AD5A95A7-DE39-4B7D-A4C5-2BDF8D9E9447}.Release|Any CPU.ActiveCfg = Release|Any CPU
		{AD5A95A7-DE39-4B7D-A4C5-2BDF8D9E9447}.Release|Any CPU.Build.0 = Release|Any CPU
		{354430B0-6F55-4934-B7D0-9C9873AB8A03}.Debug|Any CPU.ActiveCfg = Debug|Any CPU
		{354430B0-6F55-4934-B7D0-9C9873AB8A03}.Debug|Any CPU.Build.0 = Debug|Any CPU
		{354430B0-6F55-4934-B7D0-9C9873AB8A03}.Release|Any CPU.ActiveCfg = Release|Any CPU
		{354430B0-6F55-4934-B7D0-9C9873AB8A03}.Release|Any CPU.Build.0 = Release|Any CPU
		{18DD563C-E2D7-4F27-AB77-E9F851246AA1}.Debug|Any CPU.ActiveCfg = Debug|Any CPU
		{18DD563C-E2D7-4F27-AB77-E9F851246AA1}.Debug|Any CPU.Build.0 = Debug|Any CPU
		{18DD563C-E2D7-4F27-AB77-E9F851246AA1}.Release|Any CPU.ActiveCfg = Release|Any CPU
		{18DD563C-E2D7-4F27-AB77-E9F851246AA1}.Release|Any CPU.Build.0 = Release|Any CPU
		{7830F5E1-291C-4B46-9A80-ED52E0E0C4E6}.Debug|Any CPU.ActiveCfg = Debug|Any CPU
		{7830F5E1-291C-4B46-9A80-ED52E0E0C4E6}.Debug|Any CPU.Build.0 = Debug|Any CPU
		{7830F5E1-291C-4B46-9A80-ED52E0E0C4E6}.Release|Any CPU.ActiveCfg = Release|Any CPU
		{7830F5E1-291C-4B46-9A80-ED52E0E0C4E6}.Release|Any CPU.Build.0 = Release|Any CPU
		{C1A1E6F2-0579-4820-889C-01F145594B94}.Debug|Any CPU.ActiveCfg = Debug|Any CPU
		{C1A1E6F2-0579-4820-889C-01F145594B94}.Debug|Any CPU.Build.0 = Debug|Any CPU
		{C1A1E6F2-0579-4820-889C-01F145594B94}.Release|Any CPU.ActiveCfg = Release|Any CPU
		{C1A1E6F2-0579-4820-889C-01F145594B94}.Release|Any CPU.Build.0 = Release|Any CPU
		{B3E83DCB-B513-4C0B-A362-107039FE6F62}.Debug|Any CPU.ActiveCfg = Debug|Any CPU
		{B3E83DCB-B513-4C0B-A362-107039FE6F62}.Debug|Any CPU.Build.0 = Debug|Any CPU
		{B3E83DCB-B513-4C0B-A362-107039FE6F62}.Release|Any CPU.ActiveCfg = Release|Any CPU
		{B3E83DCB-B513-4C0B-A362-107039FE6F62}.Release|Any CPU.Build.0 = Release|Any CPU
		{F96C957A-70D5-46E0-A18B-BDE09714EA2A}.Debug|Any CPU.ActiveCfg = Debug|Any CPU
		{F96C957A-70D5-46E0-A18B-BDE09714EA2A}.Debug|Any CPU.Build.0 = Debug|Any CPU
		{F96C957A-70D5-46E0-A18B-BDE09714EA2A}.Release|Any CPU.ActiveCfg = Release|Any CPU
		{F96C957A-70D5-46E0-A18B-BDE09714EA2A}.Release|Any CPU.Build.0 = Release|Any CPU
		{5604856F-800D-4512-B5F4-191C28357094}.Debug|Any CPU.ActiveCfg = Debug|Any CPU
		{5604856F-800D-4512-B5F4-191C28357094}.Debug|Any CPU.Build.0 = Debug|Any CPU
		{5604856F-800D-4512-B5F4-191C28357094}.Release|Any CPU.ActiveCfg = Release|Any CPU
		{5604856F-800D-4512-B5F4-191C28357094}.Release|Any CPU.Build.0 = Release|Any CPU
		{FC1EC64C-ADC4-4FDA-9D4C-8F3A34AA2AE9}.Debug|Any CPU.ActiveCfg = Debug|Any CPU
		{FC1EC64C-ADC4-4FDA-9D4C-8F3A34AA2AE9}.Debug|Any CPU.Build.0 = Debug|Any CPU
		{FC1EC64C-ADC4-4FDA-9D4C-8F3A34AA2AE9}.Release|Any CPU.ActiveCfg = Release|Any CPU
		{FC1EC64C-ADC4-4FDA-9D4C-8F3A34AA2AE9}.Release|Any CPU.Build.0 = Release|Any CPU
		{C0774F9D-A0CF-4B7A-813D-CBA7AD8A9113}.Debug|Any CPU.ActiveCfg = Debug|Any CPU
		{C0774F9D-A0CF-4B7A-813D-CBA7AD8A9113}.Debug|Any CPU.Build.0 = Debug|Any CPU
		{C0774F9D-A0CF-4B7A-813D-CBA7AD8A9113}.Release|Any CPU.ActiveCfg = Release|Any CPU
		{C0774F9D-A0CF-4B7A-813D-CBA7AD8A9113}.Release|Any CPU.Build.0 = Release|Any CPU
		{C5F68C3B-5D01-4726-B3B4-C1C5DDA0959E}.Debug|Any CPU.ActiveCfg = Debug|Any CPU
		{C5F68C3B-5D01-4726-B3B4-C1C5DDA0959E}.Debug|Any CPU.Build.0 = Debug|Any CPU
		{C5F68C3B-5D01-4726-B3B4-C1C5DDA0959E}.Release|Any CPU.ActiveCfg = Release|Any CPU
		{C5F68C3B-5D01-4726-B3B4-C1C5DDA0959E}.Release|Any CPU.Build.0 = Release|Any CPU
		{B9C9A0AC-5C3C-4C50-8BCC-04C471741C27}.Debug|Any CPU.ActiveCfg = Debug|Any CPU
		{B9C9A0AC-5C3C-4C50-8BCC-04C471741C27}.Debug|Any CPU.Build.0 = Debug|Any CPU
		{B9C9A0AC-5C3C-4C50-8BCC-04C471741C27}.Release|Any CPU.ActiveCfg = Release|Any CPU
		{B9C9A0AC-5C3C-4C50-8BCC-04C471741C27}.Release|Any CPU.Build.0 = Release|Any CPU
		{E889A3DE-4D6D-4C15-B336-C2A760E7673A}.Debug|Any CPU.ActiveCfg = Debug|Any CPU
		{E889A3DE-4D6D-4C15-B336-C2A760E7673A}.Debug|Any CPU.Build.0 = Debug|Any CPU
		{E889A3DE-4D6D-4C15-B336-C2A760E7673A}.Release|Any CPU.ActiveCfg = Release|Any CPU
		{E889A3DE-4D6D-4C15-B336-C2A760E7673A}.Release|Any CPU.Build.0 = Release|Any CPU
		{C5FB50F8-3ACC-4394-ACEE-4FB5B077D8B2}.Debug|Any CPU.ActiveCfg = Debug|Any CPU
		{C5FB50F8-3ACC-4394-ACEE-4FB5B077D8B2}.Debug|Any CPU.Build.0 = Debug|Any CPU
		{C5FB50F8-3ACC-4394-ACEE-4FB5B077D8B2}.Release|Any CPU.ActiveCfg = Release|Any CPU
		{C5FB50F8-3ACC-4394-ACEE-4FB5B077D8B2}.Release|Any CPU.Build.0 = Release|Any CPU
		{0B0B3BB6-9875-4AD9-A013-89522A6321AE}.Debug|Any CPU.ActiveCfg = Debug|Any CPU
		{0B0B3BB6-9875-4AD9-A013-89522A6321AE}.Debug|Any CPU.Build.0 = Debug|Any CPU
		{0B0B3BB6-9875-4AD9-A013-89522A6321AE}.Release|Any CPU.ActiveCfg = Release|Any CPU
		{0B0B3BB6-9875-4AD9-A013-89522A6321AE}.Release|Any CPU.Build.0 = Release|Any CPU
		{0FA649EF-FD2D-4E68-B6F5-3FB10E7891F5}.Debug|Any CPU.ActiveCfg = Debug|Any CPU
		{0FA649EF-FD2D-4E68-B6F5-3FB10E7891F5}.Debug|Any CPU.Build.0 = Debug|Any CPU
		{0FA649EF-FD2D-4E68-B6F5-3FB10E7891F5}.Release|Any CPU.ActiveCfg = Release|Any CPU
		{0FA649EF-FD2D-4E68-B6F5-3FB10E7891F5}.Release|Any CPU.Build.0 = Release|Any CPU
		{1FA1076D-E52B-4909-8213-43CF74C56329}.Debug|Any CPU.ActiveCfg = Debug|Any CPU
		{1FA1076D-E52B-4909-8213-43CF74C56329}.Debug|Any CPU.Build.0 = Debug|Any CPU
		{1FA1076D-E52B-4909-8213-43CF74C56329}.Release|Any CPU.ActiveCfg = Release|Any CPU
		{1FA1076D-E52B-4909-8213-43CF74C56329}.Release|Any CPU.Build.0 = Release|Any CPU
		{CA292BDE-BEBD-44DC-9A63-56D8D4DF3DE0}.Debug|Any CPU.ActiveCfg = Debug|Any CPU
		{CA292BDE-BEBD-44DC-9A63-56D8D4DF3DE0}.Debug|Any CPU.Build.0 = Debug|Any CPU
		{CA292BDE-BEBD-44DC-9A63-56D8D4DF3DE0}.Release|Any CPU.ActiveCfg = Release|Any CPU
		{CA292BDE-BEBD-44DC-9A63-56D8D4DF3DE0}.Release|Any CPU.Build.0 = Release|Any CPU
		{8C7AB4F8-A924-4EC0-818F-9BD201BD7299}.Debug|Any CPU.ActiveCfg = Debug|Any CPU
		{8C7AB4F8-A924-4EC0-818F-9BD201BD7299}.Debug|Any CPU.Build.0 = Debug|Any CPU
		{8C7AB4F8-A924-4EC0-818F-9BD201BD7299}.Release|Any CPU.ActiveCfg = Release|Any CPU
		{8C7AB4F8-A924-4EC0-818F-9BD201BD7299}.Release|Any CPU.Build.0 = Release|Any CPU
		{DECC9776-A0C9-4F0F-8362-B9BE6FC89B44}.Debug|Any CPU.ActiveCfg = Debug|Any CPU
		{DECC9776-A0C9-4F0F-8362-B9BE6FC89B44}.Debug|Any CPU.Build.0 = Debug|Any CPU
		{DECC9776-A0C9-4F0F-8362-B9BE6FC89B44}.Release|Any CPU.ActiveCfg = Release|Any CPU
		{DECC9776-A0C9-4F0F-8362-B9BE6FC89B44}.Release|Any CPU.Build.0 = Release|Any CPU
		{A01D8C7D-323C-46E0-9A01-D8FEEAC9A6AF}.Debug|Any CPU.ActiveCfg = Debug|Any CPU
		{A01D8C7D-323C-46E0-9A01-D8FEEAC9A6AF}.Debug|Any CPU.Build.0 = Debug|Any CPU
		{A01D8C7D-323C-46E0-9A01-D8FEEAC9A6AF}.Release|Any CPU.ActiveCfg = Release|Any CPU
		{A01D8C7D-323C-46E0-9A01-D8FEEAC9A6AF}.Release|Any CPU.Build.0 = Release|Any CPU
		{3E82F502-A083-417C-B089-F1332D173CFD}.Debug|Any CPU.ActiveCfg = Debug|Any CPU
		{3E82F502-A083-417C-B089-F1332D173CFD}.Debug|Any CPU.Build.0 = Debug|Any CPU
		{3E82F502-A083-417C-B089-F1332D173CFD}.Release|Any CPU.ActiveCfg = Release|Any CPU
		{3E82F502-A083-417C-B089-F1332D173CFD}.Release|Any CPU.Build.0 = Release|Any CPU
		{A3446BA6-52EC-4E08-B576-8C0BCECC9B4F}.Debug|Any CPU.ActiveCfg = Debug|Any CPU
		{A3446BA6-52EC-4E08-B576-8C0BCECC9B4F}.Debug|Any CPU.Build.0 = Debug|Any CPU
		{A3446BA6-52EC-4E08-B576-8C0BCECC9B4F}.Release|Any CPU.ActiveCfg = Release|Any CPU
		{A3446BA6-52EC-4E08-B576-8C0BCECC9B4F}.Release|Any CPU.Build.0 = Release|Any CPU
		{E7C7863F-88D6-4FB8-A451-B83A51B665A6}.Debug|Any CPU.ActiveCfg = Debug|Any CPU
		{E7C7863F-88D6-4FB8-A451-B83A51B665A6}.Debug|Any CPU.Build.0 = Debug|Any CPU
		{E7C7863F-88D6-4FB8-A451-B83A51B665A6}.Release|Any CPU.ActiveCfg = Release|Any CPU
		{E7C7863F-88D6-4FB8-A451-B83A51B665A6}.Release|Any CPU.Build.0 = Release|Any CPU
		{FE177B16-969F-4980-AEB5-AE62C1535647}.Debug|Any CPU.ActiveCfg = Debug|Any CPU
		{FE177B16-969F-4980-AEB5-AE62C1535647}.Debug|Any CPU.Build.0 = Debug|Any CPU
		{FE177B16-969F-4980-AEB5-AE62C1535647}.Release|Any CPU.ActiveCfg = Release|Any CPU
		{FE177B16-969F-4980-AEB5-AE62C1535647}.Release|Any CPU.Build.0 = Release|Any CPU
		{8A36570A-E495-42AF-B983-9C2704F0EB99}.Debug|Any CPU.ActiveCfg = Debug|Any CPU
		{8A36570A-E495-42AF-B983-9C2704F0EB99}.Debug|Any CPU.Build.0 = Debug|Any CPU
		{8A36570A-E495-42AF-B983-9C2704F0EB99}.Release|Any CPU.ActiveCfg = Release|Any CPU
		{8A36570A-E495-42AF-B983-9C2704F0EB99}.Release|Any CPU.Build.0 = Release|Any CPU
		{CF740E41-7A71-480A-8EC5-0CC7DA52A95B}.Debug|Any CPU.ActiveCfg = Debug|Any CPU
		{CF740E41-7A71-480A-8EC5-0CC7DA52A95B}.Debug|Any CPU.Build.0 = Debug|Any CPU
		{CF740E41-7A71-480A-8EC5-0CC7DA52A95B}.Release|Any CPU.ActiveCfg = Release|Any CPU
		{CF740E41-7A71-480A-8EC5-0CC7DA52A95B}.Release|Any CPU.Build.0 = Release|Any CPU
		{8726534B-24FC-41CC-A25C-24BDA5889AE7}.Debug|Any CPU.ActiveCfg = Debug|Any CPU
		{8726534B-24FC-41CC-A25C-24BDA5889AE7}.Debug|Any CPU.Build.0 = Debug|Any CPU
		{8726534B-24FC-41CC-A25C-24BDA5889AE7}.Release|Any CPU.ActiveCfg = Release|Any CPU
		{8726534B-24FC-41CC-A25C-24BDA5889AE7}.Release|Any CPU.Build.0 = Release|Any CPU
		{F11C9675-824B-4099-BAA1-8466ED621234}.Debug|Any CPU.ActiveCfg = Debug|Any CPU
		{F11C9675-824B-4099-BAA1-8466ED621234}.Debug|Any CPU.Build.0 = Debug|Any CPU
		{F11C9675-824B-4099-BAA1-8466ED621234}.Release|Any CPU.ActiveCfg = Release|Any CPU
		{F11C9675-824B-4099-BAA1-8466ED621234}.Release|Any CPU.Build.0 = Release|Any CPU
		{641A15F7-C5CD-4B12-B2D6-7AAC65DE4DAD}.Debug|Any CPU.ActiveCfg = Debug|Any CPU
		{641A15F7-C5CD-4B12-B2D6-7AAC65DE4DAD}.Debug|Any CPU.Build.0 = Debug|Any CPU
		{641A15F7-C5CD-4B12-B2D6-7AAC65DE4DAD}.Release|Any CPU.ActiveCfg = Release|Any CPU
		{641A15F7-C5CD-4B12-B2D6-7AAC65DE4DAD}.Release|Any CPU.Build.0 = Release|Any CPU
		{7E49D948-B439-4A6F-8B91-2B5CCDA565D2}.Debug|Any CPU.ActiveCfg = Debug|Any CPU
		{7E49D948-B439-4A6F-8B91-2B5CCDA565D2}.Debug|Any CPU.Build.0 = Debug|Any CPU
		{7E49D948-B439-4A6F-8B91-2B5CCDA565D2}.Release|Any CPU.ActiveCfg = Release|Any CPU
		{7E49D948-B439-4A6F-8B91-2B5CCDA565D2}.Release|Any CPU.Build.0 = Release|Any CPU
		{83D47164-41E7-4AE0-9A03-02C66B782637}.Debug|Any CPU.ActiveCfg = Debug|Any CPU
		{83D47164-41E7-4AE0-9A03-02C66B782637}.Debug|Any CPU.Build.0 = Debug|Any CPU
		{83D47164-41E7-4AE0-9A03-02C66B782637}.Release|Any CPU.ActiveCfg = Release|Any CPU
		{83D47164-41E7-4AE0-9A03-02C66B782637}.Release|Any CPU.Build.0 = Release|Any CPU
		{08027364-182E-4C08-9606-58E5FE3A6CDC}.Debug|Any CPU.ActiveCfg = Debug|Any CPU
		{08027364-182E-4C08-9606-58E5FE3A6CDC}.Debug|Any CPU.Build.0 = Debug|Any CPU
		{08027364-182E-4C08-9606-58E5FE3A6CDC}.Release|Any CPU.ActiveCfg = Release|Any CPU
		{08027364-182E-4C08-9606-58E5FE3A6CDC}.Release|Any CPU.Build.0 = Release|Any CPU
		{EA0121C9-E042-44B0-92E0-00758169C544}.Debug|Any CPU.ActiveCfg = Debug|Any CPU
		{EA0121C9-E042-44B0-92E0-00758169C544}.Debug|Any CPU.Build.0 = Debug|Any CPU
		{EA0121C9-E042-44B0-92E0-00758169C544}.Release|Any CPU.ActiveCfg = Release|Any CPU
		{EA0121C9-E042-44B0-92E0-00758169C544}.Release|Any CPU.Build.0 = Release|Any CPU
		{3B55261F-E555-468F-89F3-3A5C78AE7E94}.Debug|Any CPU.ActiveCfg = Debug|Any CPU
		{3B55261F-E555-468F-89F3-3A5C78AE7E94}.Debug|Any CPU.Build.0 = Debug|Any CPU
		{3B55261F-E555-468F-89F3-3A5C78AE7E94}.Release|Any CPU.ActiveCfg = Release|Any CPU
		{3B55261F-E555-468F-89F3-3A5C78AE7E94}.Release|Any CPU.Build.0 = Release|Any CPU
		{846F409D-EC1B-4AAB-BD48-D75AA7F7FC29}.Debug|Any CPU.ActiveCfg = Debug|Any CPU
		{846F409D-EC1B-4AAB-BD48-D75AA7F7FC29}.Debug|Any CPU.Build.0 = Debug|Any CPU
		{846F409D-EC1B-4AAB-BD48-D75AA7F7FC29}.Release|Any CPU.ActiveCfg = Release|Any CPU
		{846F409D-EC1B-4AAB-BD48-D75AA7F7FC29}.Release|Any CPU.Build.0 = Release|Any CPU
		{2B9D82D7-418A-4F07-A100-D65981808898}.Debug|Any CPU.ActiveCfg = Debug|Any CPU
		{2B9D82D7-418A-4F07-A100-D65981808898}.Debug|Any CPU.Build.0 = Debug|Any CPU
		{2B9D82D7-418A-4F07-A100-D65981808898}.Release|Any CPU.ActiveCfg = Release|Any CPU
		{2B9D82D7-418A-4F07-A100-D65981808898}.Release|Any CPU.Build.0 = Release|Any CPU
		{D85B2B19-3F49-4A83-80A5-FE39C99EF6A5}.Debug|Any CPU.ActiveCfg = Debug|Any CPU
		{D85B2B19-3F49-4A83-80A5-FE39C99EF6A5}.Debug|Any CPU.Build.0 = Debug|Any CPU
		{D85B2B19-3F49-4A83-80A5-FE39C99EF6A5}.Release|Any CPU.ActiveCfg = Release|Any CPU
		{D85B2B19-3F49-4A83-80A5-FE39C99EF6A5}.Release|Any CPU.Build.0 = Release|Any CPU
		{A0D596D8-DD56-4442-87B7-577A7298E32E}.Debug|Any CPU.ActiveCfg = Debug|Any CPU
		{A0D596D8-DD56-4442-87B7-577A7298E32E}.Debug|Any CPU.Build.0 = Debug|Any CPU
		{A0D596D8-DD56-4442-87B7-577A7298E32E}.Release|Any CPU.ActiveCfg = Release|Any CPU
		{A0D596D8-DD56-4442-87B7-577A7298E32E}.Release|Any CPU.Build.0 = Release|Any CPU
		{550CE514-D370-4564-BB84-CEA910FCED28}.Debug|Any CPU.ActiveCfg = Debug|Any CPU
		{550CE514-D370-4564-BB84-CEA910FCED28}.Debug|Any CPU.Build.0 = Debug|Any CPU
		{550CE514-D370-4564-BB84-CEA910FCED28}.Release|Any CPU.ActiveCfg = Release|Any CPU
		{550CE514-D370-4564-BB84-CEA910FCED28}.Release|Any CPU.Build.0 = Release|Any CPU
		{E67B91BA-0CA5-4DE4-B068-632B0D34D4A1}.Debug|Any CPU.ActiveCfg = Debug|Any CPU
		{E67B91BA-0CA5-4DE4-B068-632B0D34D4A1}.Debug|Any CPU.Build.0 = Debug|Any CPU
		{E67B91BA-0CA5-4DE4-B068-632B0D34D4A1}.Release|Any CPU.ActiveCfg = Release|Any CPU
		{E67B91BA-0CA5-4DE4-B068-632B0D34D4A1}.Release|Any CPU.Build.0 = Release|Any CPU
		{B5F313BD-B89F-4F5C-9BB6-412188093019}.Debug|Any CPU.ActiveCfg = Debug|Any CPU
		{B5F313BD-B89F-4F5C-9BB6-412188093019}.Debug|Any CPU.Build.0 = Debug|Any CPU
		{B5F313BD-B89F-4F5C-9BB6-412188093019}.Release|Any CPU.ActiveCfg = Release|Any CPU
		{B5F313BD-B89F-4F5C-9BB6-412188093019}.Release|Any CPU.Build.0 = Release|Any CPU
	EndGlobalSection
	GlobalSection(SolutionProperties) = preSolution
		HideSolutionNode = FALSE
	EndGlobalSection
	GlobalSection(ExtensibilityGlobals) = postSolution
		SolutionGuid = {EBD191D0-4630-4C35-9312-A180F460E3C1}
	EndGlobalSection
EndGlobal
